
Microsoft Visual Studio Solution File, Format Version 12.00
# Visual Studio Version 17
VisualStudioVersion = 17.9.34607.119
MinimumVisualStudioVersion = 10.0.40219.1
Project("{2150E333-8FDC-42A3-9474-1A3956D46DE8}") = "src", "src", "{D8B146EE-2E88-44AE-99E5-FAA48499A51C}"
EndProject
Project("{2150E333-8FDC-42A3-9474-1A3956D46DE8}") = "Core", "Core", "{06A5C973-FBBD-49D7-8AD6-DFA8DFA68FD8}"
EndProject
Project("{2150E333-8FDC-42A3-9474-1A3956D46DE8}") = "Infrastructure", "Infrastructure", "{41479373-05DB-4039-BE2E-572A3850A056}"
EndProject
Project("{2150E333-8FDC-42A3-9474-1A3956D46DE8}") = "Presentation", "Presentation", "{A22D59C6-EBE2-43DF-BCD6-EA27DECC0DC7}"
EndProject
Project("{9A19103F-16F7-4668-BE54-9A1E7A4F7556}") = "OnionArcExample.Application", "OnionArcExample.Application\OnionArcExample.Application.csproj", "{51D8F732-443B-4A0D-9CB2-E53C408E8240}"
EndProject
Project("{9A19103F-16F7-4668-BE54-9A1E7A4F7556}") = "OnionArcExample.Domain", "OnionArcExample.Domain\OnionArcExample.Domain.csproj", "{45A97300-A7AF-41CD-9BFE-1EEC94666AA5}"
EndProject
Project("{9A19103F-16F7-4668-BE54-9A1E7A4F7556}") = "OnionArcExample.Infrastructure", "OnionArcExample.Infrastructure\OnionArcExample.Infrastructure.csproj", "{2774621F-F9E1-4CE0-9525-36452314C238}"
EndProject
Project("{9A19103F-16F7-4668-BE54-9A1E7A4F7556}") = "OnionArcExample.Persistence", "OnionArcExample.Persistence\OnionArcExample.Persistence.csproj", "{436BF8E0-463B-4625-9D09-CDA63E8E6EAB}"
EndProject
Project("{9A19103F-16F7-4668-BE54-9A1E7A4F7556}") = "OnionArcExample.WebAPI", "OnionArcExample.WebAPI\OnionArcExample.WebAPI.csproj", "{3D789A71-46A4-40D8-B575-B2D8B4F713BE}"
EndProject
Project("{2150E333-8FDC-42A3-9474-1A3956D46DE8}") = "src_CQRS", "src_CQRS", "{9F6141B7-5536-4A77-9966-5FC27F4312C5}"
EndProject
Project("{9A19103F-16F7-4668-BE54-9A1E7A4F7556}") = "DAL", "DAL\DAL.csproj", "{EEC9526D-2DA0-4937-8D13-41953F50724D}"
EndProject
Project("{9A19103F-16F7-4668-BE54-9A1E7A4F7556}") = "API", "API\API.csproj", "{7C58163E-8010-487A-84CA-6579E8D9195B}"
EndProject
Project("{2150E333-8FDC-42A3-9474-1A3956D46DE8}") = "src_Mediator", "src_Mediator", "{BD1BD6C6-6A91-4B17-968B-B63418757628}"
EndProject
Project("{9A19103F-16F7-4668-BE54-9A1E7A4F7556}") = "Mediator", "Mediator\Mediator.csproj", "{330CD3C4-1454-4029-B147-2FB3D78DC065}"
EndProject
Project("{9A19103F-16F7-4668-BE54-9A1E7A4F7556}") = "MainConsole", "MainConsole\MainConsole.csproj", "{D8C05EDC-61EC-4CF4-B6A9-D884DCE580E9}"
EndProject
Project("{9A19103F-16F7-4668-BE54-9A1E7A4F7556}") = "MediatorShipping", "MediatorNakliye\MediatorShipping.csproj", "{9A0C565F-4AC4-4B85-877A-8094843B11D5}"
EndProject
Project("{9A19103F-16F7-4668-BE54-9A1E7A4F7556}") = "MediatorRealEstate", "MediatorRealEstate\MediatorRealEstate.csproj", "{14B7BBE6-3E16-43A4-8AC8-74D096423C73}"
EndProject
Project("{9A19103F-16F7-4668-BE54-9A1E7A4F7556}") = "MediatRExample", "MediatRExample\MediatRExample.csproj", "{C6256EC6-884D-4116-A99B-824B3E5DE4CD}"
EndProject
Project("{2150E333-8FDC-42A3-9474-1A3956D46DE8}") = "Solution Items", "Solution Items", "{93017C0D-B600-4C3E-8188-46AC0F80D97D}"
	ProjectSection(SolutionItems) = preProject
		ReadMe.txt = ReadMe.txt
	EndProjectSection
EndProject
Global
	GlobalSection(SolutionConfigurationPlatforms) = preSolution
		Debug|Any CPU = Debug|Any CPU
		Release|Any CPU = Release|Any CPU
	EndGlobalSection
	GlobalSection(ProjectConfigurationPlatforms) = postSolution
		{51D8F732-443B-4A0D-9CB2-E53C408E8240}.Debug|Any CPU.ActiveCfg = Debug|Any CPU
		{51D8F732-443B-4A0D-9CB2-E53C408E8240}.Debug|Any CPU.Build.0 = Debug|Any CPU
		{51D8F732-443B-4A0D-9CB2-E53C408E8240}.Release|Any CPU.ActiveCfg = Release|Any CPU
		{51D8F732-443B-4A0D-9CB2-E53C408E8240}.Release|Any CPU.Build.0 = Release|Any CPU
		{45A97300-A7AF-41CD-9BFE-1EEC94666AA5}.Debug|Any CPU.ActiveCfg = Debug|Any CPU
		{45A97300-A7AF-41CD-9BFE-1EEC94666AA5}.Debug|Any CPU.Build.0 = Debug|Any CPU
		{45A97300-A7AF-41CD-9BFE-1EEC94666AA5}.Release|Any CPU.ActiveCfg = Release|Any CPU
		{45A97300-A7AF-41CD-9BFE-1EEC94666AA5}.Release|Any CPU.Build.0 = Release|Any CPU
		{2774621F-F9E1-4CE0-9525-36452314C238}.Debug|Any CPU.ActiveCfg = Debug|Any CPU
		{2774621F-F9E1-4CE0-9525-36452314C238}.Debug|Any CPU.Build.0 = Debug|Any CPU
		{2774621F-F9E1-4CE0-9525-36452314C238}.Release|Any CPU.ActiveCfg = Release|Any CPU
		{2774621F-F9E1-4CE0-9525-36452314C238}.Release|Any CPU.Build.0 = Release|Any CPU
		{436BF8E0-463B-4625-9D09-CDA63E8E6EAB}.Debug|Any CPU.ActiveCfg = Debug|Any CPU
		{436BF8E0-463B-4625-9D09-CDA63E8E6EAB}.Debug|Any CPU.Build.0 = Debug|Any CPU
		{436BF8E0-463B-4625-9D09-CDA63E8E6EAB}.Release|Any CPU.ActiveCfg = Release|Any CPU
		{436BF8E0-463B-4625-9D09-CDA63E8E6EAB}.Release|Any CPU.Build.0 = Release|Any CPU
		{3D789A71-46A4-40D8-B575-B2D8B4F713BE}.Debug|Any CPU.ActiveCfg = Debug|Any CPU
		{3D789A71-46A4-40D8-B575-B2D8B4F713BE}.Debug|Any CPU.Build.0 = Debug|Any CPU
		{3D789A71-46A4-40D8-B575-B2D8B4F713BE}.Release|Any CPU.ActiveCfg = Release|Any CPU
		{3D789A71-46A4-40D8-B575-B2D8B4F713BE}.Release|Any CPU.Build.0 = Release|Any CPU
		{EEC9526D-2DA0-4937-8D13-41953F50724D}.Debug|Any CPU.ActiveCfg = Debug|Any CPU
		{EEC9526D-2DA0-4937-8D13-41953F50724D}.Debug|Any CPU.Build.0 = Debug|Any CPU
		{EEC9526D-2DA0-4937-8D13-41953F50724D}.Release|Any CPU.ActiveCfg = Release|Any CPU
		{EEC9526D-2DA0-4937-8D13-41953F50724D}.Release|Any CPU.Build.0 = Release|Any CPU
		{7C58163E-8010-487A-84CA-6579E8D9195B}.Debug|Any CPU.ActiveCfg = Debug|Any CPU
		{7C58163E-8010-487A-84CA-6579E8D9195B}.Debug|Any CPU.Build.0 = Debug|Any CPU
		{7C58163E-8010-487A-84CA-6579E8D9195B}.Release|Any CPU.ActiveCfg = Release|Any CPU
		{7C58163E-8010-487A-84CA-6579E8D9195B}.Release|Any CPU.Build.0 = Release|Any CPU
		{330CD3C4-1454-4029-B147-2FB3D78DC065}.Debug|Any CPU.ActiveCfg = Debug|Any CPU
		{330CD3C4-1454-4029-B147-2FB3D78DC065}.Debug|Any CPU.Build.0 = Debug|Any CPU
		{330CD3C4-1454-4029-B147-2FB3D78DC065}.Release|Any CPU.ActiveCfg = Release|Any CPU
		{330CD3C4-1454-4029-B147-2FB3D78DC065}.Release|Any CPU.Build.0 = Release|Any CPU
		{D8C05EDC-61EC-4CF4-B6A9-D884DCE580E9}.Debug|Any CPU.ActiveCfg = Debug|Any CPU
		{D8C05EDC-61EC-4CF4-B6A9-D884DCE580E9}.Debug|Any CPU.Build.0 = Debug|Any CPU
		{D8C05EDC-61EC-4CF4-B6A9-D884DCE580E9}.Release|Any CPU.ActiveCfg = Release|Any CPU
		{D8C05EDC-61EC-4CF4-B6A9-D884DCE580E9}.Release|Any CPU.Build.0 = Release|Any CPU
		{9A0C565F-4AC4-4B85-877A-8094843B11D5}.Debug|Any CPU.ActiveCfg = Debug|Any CPU
		{9A0C565F-4AC4-4B85-877A-8094843B11D5}.Debug|Any CPU.Build.0 = Debug|Any CPU
		{9A0C565F-4AC4-4B85-877A-8094843B11D5}.Release|Any CPU.ActiveCfg = Release|Any CPU
		{9A0C565F-4AC4-4B85-877A-8094843B11D5}.Release|Any CPU.Build.0 = Release|Any CPU
		{14B7BBE6-3E16-43A4-8AC8-74D096423C73}.Debug|Any CPU.ActiveCfg = Debug|Any CPU
		{14B7BBE6-3E16-43A4-8AC8-74D096423C73}.Debug|Any CPU.Build.0 = Debug|Any CPU
		{14B7BBE6-3E16-43A4-8AC8-74D096423C73}.Release|Any CPU.ActiveCfg = Release|Any CPU
		{14B7BBE6-3E16-43A4-8AC8-74D096423C73}.Release|Any CPU.Build.0 = Release|Any CPU
		{C6256EC6-884D-4116-A99B-824B3E5DE4CD}.Debug|Any CPU.ActiveCfg = Debug|Any CPU
		{C6256EC6-884D-4116-A99B-824B3E5DE4CD}.Debug|Any CPU.Build.0 = Debug|Any CPU
		{C6256EC6-884D-4116-A99B-824B3E5DE4CD}.Release|Any CPU.ActiveCfg = Release|Any CPU
		{C6256EC6-884D-4116-A99B-824B3E5DE4CD}.Release|Any CPU.Build.0 = Release|Any CPU
	EndGlobalSection
	GlobalSection(SolutionProperties) = preSolution
		HideSolutionNode = FALSE
	EndGlobalSection
	GlobalSection(NestedProjects) = preSolution
		{06A5C973-FBBD-49D7-8AD6-DFA8DFA68FD8} = {D8B146EE-2E88-44AE-99E5-FAA48499A51C}
		{41479373-05DB-4039-BE2E-572A3850A056} = {D8B146EE-2E88-44AE-99E5-FAA48499A51C}
		{A22D59C6-EBE2-43DF-BCD6-EA27DECC0DC7} = {D8B146EE-2E88-44AE-99E5-FAA48499A51C}
		{51D8F732-443B-4A0D-9CB2-E53C408E8240} = {06A5C973-FBBD-49D7-8AD6-DFA8DFA68FD8}
		{45A97300-A7AF-41CD-9BFE-1EEC94666AA5} = {06A5C973-FBBD-49D7-8AD6-DFA8DFA68FD8}
		{2774621F-F9E1-4CE0-9525-36452314C238} = {41479373-05DB-4039-BE2E-572A3850A056}
		{436BF8E0-463B-4625-9D09-CDA63E8E6EAB} = {41479373-05DB-4039-BE2E-572A3850A056}
		{3D789A71-46A4-40D8-B575-B2D8B4F713BE} = {A22D59C6-EBE2-43DF-BCD6-EA27DECC0DC7}
		{EEC9526D-2DA0-4937-8D13-41953F50724D} = {9F6141B7-5536-4A77-9966-5FC27F4312C5}
		{7C58163E-8010-487A-84CA-6579E8D9195B} = {9F6141B7-5536-4A77-9966-5FC27F4312C5}
		{330CD3C4-1454-4029-B147-2FB3D78DC065} = {BD1BD6C6-6A91-4B17-968B-B63418757628}
		{D8C05EDC-61EC-4CF4-B6A9-D884DCE580E9} = {BD1BD6C6-6A91-4B17-968B-B63418757628}
		{9A0C565F-4AC4-4B85-877A-8094843B11D5} = {BD1BD6C6-6A91-4B17-968B-B63418757628}
		{14B7BBE6-3E16-43A4-8AC8-74D096423C73} = {BD1BD6C6-6A91-4B17-968B-B63418757628}
		{C6256EC6-884D-4116-A99B-824B3E5DE4CD} = {BD1BD6C6-6A91-4B17-968B-B63418757628}
	EndGlobalSection
	GlobalSection(ExtensibilityGlobals) = postSolution
		SolutionGuid = {E848FAC6-05E2-4BAF-B882-1943C250559B}
	EndGlobalSection
EndGlobal
